
Microsoft Visual Studio Solution File, Format Version 12.00
# Visual Studio 15
VisualStudioVersion = 15.0.28307.705
MinimumVisualStudioVersion = 10.0.40219.1
Project("{FAE04EC0-301F-11D3-BF4B-00C04F79EFBC}") = "DalClassGen", "DalClassGen\DalClassGen.csproj", "{50CD7938-C5C9-4743-A55D-E1E04DCF1B6A}"
EndProject
Global
	GlobalSection(SolutionConfigurationPlatforms) = preSolution
		Debug|Any CPU = Debug|Any CPU
		Release|Any CPU = Release|Any CPU
	EndGlobalSection
	GlobalSection(ProjectConfigurationPlatforms) = postSolution
		{50CD7938-C5C9-4743-A55D-E1E04DCF1B6A}.Debug|Any CPU.ActiveCfg = Debug|Any CPU
		{50CD7938-C5C9-4743-A55D-E1E04DCF1B6A}.Debug|Any CPU.Build.0 = Debug|Any CPU
		{50CD7938-C5C9-4743-A55D-E1E04DCF1B6A}.Release|Any CPU.ActiveCfg = Release|Any CPU
		{50CD7938-C5C9-4743-A55D-E1E04DCF1B6A}.Release|Any CPU.Build.0 = Release|Any CPU
	EndGlobalSection
	GlobalSection(SolutionProperties) = preSolution
		HideSolutionNode = FALSE
	EndGlobalSection
	GlobalSection(ExtensibilityGlobals) = postSolution
		SolutionGuid = {86A2CB5A-2F0D-462D-AB0A-D4002798845D}
	EndGlobalSection
EndGlobal
